// !$*UTF8*$!
{
	archiveVersion = 1;
	classes = {
	};
	objectVersion = 55;
	objects = {

/* Begin PBXBuildFile section */
		00087CD4289EB6FC00A441E7 /* MockURLProtocol.swift in Sources */ = {isa = PBXBuildFile; fileRef = 00087CD3289EB6FC00A441E7 /* MockURLProtocol.swift */; };
		00087CD6289EB7EF00A441E7 /* HttpClientTest.swift in Sources */ = {isa = PBXBuildFile; fileRef = 00087CD5289EB7EF00A441E7 /* HttpClientTest.swift */; };
		007B60A02899829A00FC94BF /* AppDelegate.swift in Sources */ = {isa = PBXBuildFile; fileRef = 007B609F2899829A00FC94BF /* AppDelegate.swift */; };
		007B60A22899829A00FC94BF /* SceneDelegate.swift in Sources */ = {isa = PBXBuildFile; fileRef = 007B60A12899829A00FC94BF /* SceneDelegate.swift */; };
		007B60A72899829A00FC94BF /* Main.storyboard in Resources */ = {isa = PBXBuildFile; fileRef = 007B60A52899829A00FC94BF /* Main.storyboard */; };
		007B60A92899829B00FC94BF /* Assets.xcassets in Resources */ = {isa = PBXBuildFile; fileRef = 007B60A82899829B00FC94BF /* Assets.xcassets */; };
		007B60AC2899829B00FC94BF /* LaunchScreen.storyboard in Resources */ = {isa = PBXBuildFile; fileRef = 007B60AA2899829B00FC94BF /* LaunchScreen.storyboard */; };
		007B60C52899831A00FC94BF /* HttpClient.swift in Sources */ = {isa = PBXBuildFile; fileRef = 007B60C42899831A00FC94BF /* HttpClient.swift */; };
		007B60C8289985FE00FC94BF /* CatModel.swift in Sources */ = {isa = PBXBuildFile; fileRef = 007B60C7289985FE00FC94BF /* CatModel.swift */; };
		007B60CA2899868200FC94BF /* CatViewController.swift in Sources */ = {isa = PBXBuildFile; fileRef = 007B60C92899868200FC94BF /* CatViewController.swift */; };
		007B60CD289986B300FC94BF /* CatViewModel.swift in Sources */ = {isa = PBXBuildFile; fileRef = 007B60CC289986B300FC94BF /* CatViewModel.swift */; };
		007B60FB28998D0E00FC94BF /* Mockable.swift in Sources */ = {isa = PBXBuildFile; fileRef = 007B60FA28998D0E00FC94BF /* Mockable.swift */; };
		007B60FD28998D3700FC94BF /* CatResponse.json in Resources */ = {isa = PBXBuildFile; fileRef = 007B60FC28998D3700FC94BF /* CatResponse.json */; };
		007B60FF28998D9500FC94BF /* MockHttpClient.swift in Sources */ = {isa = PBXBuildFile; fileRef = 007B60FE28998D9500FC94BF /* MockHttpClient.swift */; };
		007B6103289990CD00FC94BF /* CatViewModelTest.swift in Sources */ = {isa = PBXBuildFile; fileRef = 007B6102289990CD00FC94BF /* CatViewModelTest.swift */; };
		00C36015289FA009005F15FD /* CatModelTwo.json in Resources */ = {isa = PBXBuildFile; fileRef = 00C36014289FA009005F15FD /* CatModelTwo.json */; };
/* End PBXBuildFile section */

/* Begin PBXContainerItemProxy section */
		007B60F428998CFC00FC94BF /* PBXContainerItemProxy */ = {
			isa = PBXContainerItemProxy;
			containerPortal = 007B60942899829900FC94BF /* Project object */;
			proxyType = 1;
			remoteGlobalIDString = 007B609B2899829A00FC94BF;
			remoteInfo = TestableNetworkLayer;
		};
/* End PBXContainerItemProxy section */

/* Begin PBXFileReference section */
		00087CD3289EB6FC00A441E7 /* MockURLProtocol.swift */ = {isa = PBXFileReference; lastKnownFileType = sourcecode.swift; path = MockURLProtocol.swift; sourceTree = "<group>"; };
		00087CD5289EB7EF00A441E7 /* HttpClientTest.swift */ = {isa = PBXFileReference; lastKnownFileType = sourcecode.swift; path = HttpClientTest.swift; sourceTree = "<group>"; };
		007B609C2899829A00FC94BF /* TestableNetworkLayer.app */ = {isa = PBXFileReference; explicitFileType = wrapper.application; includeInIndex = 0; path = TestableNetworkLayer.app; sourceTree = BUILT_PRODUCTS_DIR; };
		007B609F2899829A00FC94BF /* AppDelegate.swift */ = {isa = PBXFileReference; lastKnownFileType = sourcecode.swift; path = AppDelegate.swift; sourceTree = "<group>"; };
		007B60A12899829A00FC94BF /* SceneDelegate.swift */ = {isa = PBXFileReference; lastKnownFileType = sourcecode.swift; path = SceneDelegate.swift; sourceTree = "<group>"; };
		007B60A62899829A00FC94BF /* Base */ = {isa = PBXFileReference; lastKnownFileType = file.storyboard; name = Base; path = Base.lproj/Main.storyboard; sourceTree = "<group>"; };
		007B60A82899829B00FC94BF /* Assets.xcassets */ = {isa = PBXFileReference; lastKnownFileType = folder.assetcatalog; path = Assets.xcassets; sourceTree = "<group>"; };
		007B60AB2899829B00FC94BF /* Base */ = {isa = PBXFileReference; lastKnownFileType = file.storyboard; name = Base; path = Base.lproj/LaunchScreen.storyboard; sourceTree = "<group>"; };
		007B60AD2899829B00FC94BF /* Info.plist */ = {isa = PBXFileReference; lastKnownFileType = text.plist.xml; path = Info.plist; sourceTree = "<group>"; };
		007B60C42899831A00FC94BF /* HttpClient.swift */ = {isa = PBXFileReference; lastKnownFileType = sourcecode.swift; path = HttpClient.swift; sourceTree = "<group>"; };
		007B60C7289985FE00FC94BF /* CatModel.swift */ = {isa = PBXFileReference; lastKnownFileType = sourcecode.swift; path = CatModel.swift; sourceTree = "<group>"; };
		007B60C92899868200FC94BF /* CatViewController.swift */ = {isa = PBXFileReference; lastKnownFileType = sourcecode.swift; path = CatViewController.swift; sourceTree = "<group>"; };
		007B60CC289986B300FC94BF /* CatViewModel.swift */ = {isa = PBXFileReference; lastKnownFileType = sourcecode.swift; path = CatViewModel.swift; sourceTree = "<group>"; };
		007B60F028998CFC00FC94BF /* TestableNetworkLayerTest.xctest */ = {isa = PBXFileReference; explicitFileType = wrapper.cfbundle; includeInIndex = 0; path = TestableNetworkLayerTest.xctest; sourceTree = BUILT_PRODUCTS_DIR; };
		007B60FA28998D0E00FC94BF /* Mockable.swift */ = {isa = PBXFileReference; lastKnownFileType = sourcecode.swift; path = Mockable.swift; sourceTree = "<group>"; };
		007B60FC28998D3700FC94BF /* CatResponse.json */ = {isa = PBXFileReference; lastKnownFileType = text.json; path = CatResponse.json; sourceTree = "<group>"; };
		007B60FE28998D9500FC94BF /* MockHttpClient.swift */ = {isa = PBXFileReference; lastKnownFileType = sourcecode.swift; path = MockHttpClient.swift; sourceTree = "<group>"; };
		007B6102289990CD00FC94BF /* CatViewModelTest.swift */ = {isa = PBXFileReference; lastKnownFileType = sourcecode.swift; path = CatViewModelTest.swift; sourceTree = "<group>"; };
		00C36014289FA009005F15FD /* CatModelTwo.json */ = {isa = PBXFileReference; lastKnownFileType = text.json; path = CatModelTwo.json; sourceTree = "<group>"; };
/* End PBXFileReference section */

/* Begin PBXFrameworksBuildPhase section */
		007B60992899829A00FC94BF /* Frameworks */ = {
			isa = PBXFrameworksBuildPhase;
			buildActionMask = 2147483647;
			files = (
			);
			runOnlyForDeploymentPostprocessing = 0;
		};
		007B60ED28998CFC00FC94BF /* Frameworks */ = {
			isa = PBXFrameworksBuildPhase;
			buildActionMask = 2147483647;
			files = (
			);
			runOnlyForDeploymentPostprocessing = 0;
		};
/* End PBXFrameworksBuildPhase section */

/* Begin PBXGroup section */
		007B60932899829900FC94BF = {
			isa = PBXGroup;
			children = (
				007B609E2899829A00FC94BF /* TestableNetworkLayer */,
				007B60F128998CFC00FC94BF /* TestableNetworkLayerTest */,
				007B609D2899829A00FC94BF /* Products */,
			);
			sourceTree = "<group>";
		};
		007B609D2899829A00FC94BF /* Products */ = {
			isa = PBXGroup;
			children = (
				007B609C2899829A00FC94BF /* TestableNetworkLayer.app */,
				007B60F028998CFC00FC94BF /* TestableNetworkLayerTest.xctest */,
			);
			name = Products;
			sourceTree = "<group>";
		};
		007B609E2899829A00FC94BF /* TestableNetworkLayer */ = {
			isa = PBXGroup;
			children = (
				007B60C3289982FB00FC94BF /* App */,
				007B60C2289982EC00FC94BF /* View */,
				007B60C1289982DC00FC94BF /* Resources */,
				007B60C0289982D400FC94BF /* Network */,
				007B60AD2899829B00FC94BF /* Info.plist */,
			);
			path = TestableNetworkLayer;
			sourceTree = "<group>";
		};
		007B60C0289982D400FC94BF /* Network */ = {
			isa = PBXGroup;
			children = (
				007B60C6289985C200FC94BF /* Model */,
				007B60C42899831A00FC94BF /* HttpClient.swift */,
			);
			path = Network;
			sourceTree = "<group>";
		};
		007B60C1289982DC00FC94BF /* Resources */ = {
			isa = PBXGroup;
			children = (
				007B60A82899829B00FC94BF /* Assets.xcassets */,
				007B60AA2899829B00FC94BF /* LaunchScreen.storyboard */,
			);
			path = Resources;
			sourceTree = "<group>";
		};
		007B60C2289982EC00FC94BF /* View */ = {
			isa = PBXGroup;
			children = (
				007B60CB2899869C00FC94BF /* CatView */,
			);
			path = View;
			sourceTree = "<group>";
		};
		007B60C3289982FB00FC94BF /* App */ = {
			isa = PBXGroup;
			children = (
				007B609F2899829A00FC94BF /* AppDelegate.swift */,
				007B60A12899829A00FC94BF /* SceneDelegate.swift */,
			);
			path = App;
			sourceTree = "<group>";
		};
		007B60C6289985C200FC94BF /* Model */ = {
			isa = PBXGroup;
			children = (
				007B60C7289985FE00FC94BF /* CatModel.swift */,
			);
			path = Model;
			sourceTree = "<group>";
		};
		007B60CB2899869C00FC94BF /* CatView */ = {
			isa = PBXGroup;
			children = (
				007B60A52899829A00FC94BF /* Main.storyboard */,
				007B60C92899868200FC94BF /* CatViewController.swift */,
				007B60CC289986B300FC94BF /* CatViewModel.swift */,
			);
			path = CatView;
			sourceTree = "<group>";
		};
		007B60F128998CFC00FC94BF /* TestableNetworkLayerTest */ = {
			isa = PBXGroup;
			children = (
				007B61042899978900FC94BF /* NetworkTest */,
				007B6101289990A600FC94BF /* ViewModelTest */,
				007B61002899909B00FC94BF /* Network */,
				007B60F928998D0000FC94BF /* MockData */,
			);
			path = TestableNetworkLayerTest;
			sourceTree = "<group>";
		};
		007B60F928998D0000FC94BF /* MockData */ = {
			isa = PBXGroup;
			children = (
				007B60FA28998D0E00FC94BF /* Mockable.swift */,
				007B60FC28998D3700FC94BF /* CatResponse.json */,
				00C36014289FA009005F15FD /* CatModelTwo.json */,
			);
			path = MockData;
			sourceTree = "<group>";
		};
		007B61002899909B00FC94BF /* Network */ = {
			isa = PBXGroup;
			children = (
				007B60FE28998D9500FC94BF /* MockHttpClient.swift */,
			);
			path = Network;
			sourceTree = "<group>";
		};
		007B6101289990A600FC94BF /* ViewModelTest */ = {
			isa = PBXGroup;
			children = (
				007B6102289990CD00FC94BF /* CatViewModelTest.swift */,
			);
			path = ViewModelTest;
			sourceTree = "<group>";
		};
		007B61042899978900FC94BF /* NetworkTest */ = {
			isa = PBXGroup;
			children = (
				00087CD3289EB6FC00A441E7 /* MockURLProtocol.swift */,
				00087CD5289EB7EF00A441E7 /* HttpClientTest.swift */,
			);
			path = NetworkTest;
			sourceTree = "<group>";
		};
/* End PBXGroup section */

/* Begin PBXNativeTarget section */
		007B609B2899829A00FC94BF /* TestableNetworkLayer */ = {
			isa = PBXNativeTarget;
			buildConfigurationList = 007B60B02899829B00FC94BF /* Build configuration list for PBXNativeTarget "TestableNetworkLayer" */;
			buildPhases = (
				007B60982899829A00FC94BF /* Sources */,
				007B60992899829A00FC94BF /* Frameworks */,
				007B609A2899829A00FC94BF /* Resources */,
			);
			buildRules = (
			);
			dependencies = (
			);
			name = TestableNetworkLayer;
			productName = TestableNetworkLayer;
			productReference = 007B609C2899829A00FC94BF /* TestableNetworkLayer.app */;
			productType = "com.apple.product-type.application";
		};
		007B60EF28998CFC00FC94BF /* TestableNetworkLayerTest */ = {
			isa = PBXNativeTarget;
			buildConfigurationList = 007B60F628998CFC00FC94BF /* Build configuration list for PBXNativeTarget "TestableNetworkLayerTest" */;
			buildPhases = (
				007B60EC28998CFC00FC94BF /* Sources */,
				007B60ED28998CFC00FC94BF /* Frameworks */,
				007B60EE28998CFC00FC94BF /* Resources */,
			);
			buildRules = (
			);
			dependencies = (
				007B60F528998CFC00FC94BF /* PBXTargetDependency */,
			);
			name = TestableNetworkLayerTest;
			productName = TestableNetworkLayerTest;
			productReference = 007B60F028998CFC00FC94BF /* TestableNetworkLayerTest.xctest */;
			productType = "com.apple.product-type.bundle.unit-test";
		};
/* End PBXNativeTarget section */

/* Begin PBXProject section */
		007B60942899829900FC94BF /* Project object */ = {
			isa = PBXProject;
			attributes = {
				BuildIndependentTargetsInParallel = 1;
				LastSwiftUpdateCheck = 1330;
				LastUpgradeCheck = 1330;
				TargetAttributes = {
					007B609B2899829A00FC94BF = {
						CreatedOnToolsVersion = 13.3.1;
					};
					007B60EF28998CFC00FC94BF = {
						CreatedOnToolsVersion = 13.3.1;
						TestTargetID = 007B609B2899829A00FC94BF;
					};
				};
			};
			buildConfigurationList = 007B60972899829900FC94BF /* Build configuration list for PBXProject "TestableNetworkLayer" */;
			compatibilityVersion = "Xcode 13.0";
			developmentRegion = en;
			hasScannedForEncodings = 0;
			knownRegions = (
				en,
				Base,
			);
			mainGroup = 007B60932899829900FC94BF;
			productRefGroup = 007B609D2899829A00FC94BF /* Products */;
			projectDirPath = "";
			projectRoot = "";
			targets = (
				007B609B2899829A00FC94BF /* TestableNetworkLayer */,
				007B60EF28998CFC00FC94BF /* TestableNetworkLayerTest */,
			);
		};
/* End PBXProject section */

/* Begin PBXResourcesBuildPhase section */
		007B609A2899829A00FC94BF /* Resources */ = {
			isa = PBXResourcesBuildPhase;
			buildActionMask = 2147483647;
			files = (
				007B60AC2899829B00FC94BF /* LaunchScreen.storyboard in Resources */,
				007B60A92899829B00FC94BF /* Assets.xcassets in Resources */,
				007B60A72899829A00FC94BF /* Main.storyboard in Resources */,
			);
			runOnlyForDeploymentPostprocessing = 0;
		};
		007B60EE28998CFC00FC94BF /* Resources */ = {
			isa = PBXResourcesBuildPhase;
			buildActionMask = 2147483647;
			files = (
				007B60FD28998D3700FC94BF /* CatResponse.json in Resources */,
				00C36015289FA009005F15FD /* CatModelTwo.json in Resources */,
			);
			runOnlyForDeploymentPostprocessing = 0;
		};
/* End PBXResourcesBuildPhase section */

/* Begin PBXSourcesBuildPhase section */
		007B60982899829A00FC94BF /* Sources */ = {
			isa = PBXSourcesBuildPhase;
			buildActionMask = 2147483647;
			files = (
				007B60A02899829A00FC94BF /* AppDelegate.swift in Sources */,
				007B60C52899831A00FC94BF /* HttpClient.swift in Sources */,
				007B60C8289985FE00FC94BF /* CatModel.swift in Sources */,
				007B60CA2899868200FC94BF /* CatViewController.swift in Sources */,
				007B60A22899829A00FC94BF /* SceneDelegate.swift in Sources */,
				007B60CD289986B300FC94BF /* CatViewModel.swift in Sources */,
			);
			runOnlyForDeploymentPostprocessing = 0;
		};
		007B60EC28998CFC00FC94BF /* Sources */ = {
			isa = PBXSourcesBuildPhase;
			buildActionMask = 2147483647;
			files = (
				007B60FF28998D9500FC94BF /* MockHttpClient.swift in Sources */,
				00087CD4289EB6FC00A441E7 /* MockURLProtocol.swift in Sources */,
				00087CD6289EB7EF00A441E7 /* HttpClientTest.swift in Sources */,
				007B6103289990CD00FC94BF /* CatViewModelTest.swift in Sources */,
				007B60FB28998D0E00FC94BF /* Mockable.swift in Sources */,
			);
			runOnlyForDeploymentPostprocessing = 0;
		};
/* End PBXSourcesBuildPhase section */

/* Begin PBXTargetDependency section */
		007B60F528998CFC00FC94BF /* PBXTargetDependency */ = {
			isa = PBXTargetDependency;
			target = 007B609B2899829A00FC94BF /* TestableNetworkLayer */;
			targetProxy = 007B60F428998CFC00FC94BF /* PBXContainerItemProxy */;
		};
/* End PBXTargetDependency section */

/* Begin PBXVariantGroup section */
		007B60A52899829A00FC94BF /* Main.storyboard */ = {
			isa = PBXVariantGroup;
			children = (
				007B60A62899829A00FC94BF /* Base */,
			);
			name = Main.storyboard;
			sourceTree = "<group>";
		};
		007B60AA2899829B00FC94BF /* LaunchScreen.storyboard */ = {
			isa = PBXVariantGroup;
			children = (
				007B60AB2899829B00FC94BF /* Base */,
			);
			name = LaunchScreen.storyboard;
			sourceTree = "<group>";
		};
/* End PBXVariantGroup section */

/* Begin XCBuildConfiguration section */
		007B60AE2899829B00FC94BF /* Debug */ = {
			isa = XCBuildConfiguration;
			buildSettings = {
				ALWAYS_SEARCH_USER_PATHS = NO;
				CLANG_ANALYZER_NONNULL = YES;
				CLANG_ANALYZER_NUMBER_OBJECT_CONVERSION = YES_AGGRESSIVE;
				CLANG_CXX_LANGUAGE_STANDARD = "gnu++17";
				CLANG_ENABLE_MODULES = YES;
				CLANG_ENABLE_OBJC_ARC = YES;
				CLANG_ENABLE_OBJC_WEAK = YES;
				CLANG_WARN_BLOCK_CAPTURE_AUTORELEASING = YES;
				CLANG_WARN_BOOL_CONVERSION = YES;
				CLANG_WARN_COMMA = YES;
				CLANG_WARN_CONSTANT_CONVERSION = YES;
				CLANG_WARN_DEPRECATED_OBJC_IMPLEMENTATIONS = YES;
				CLANG_WARN_DIRECT_OBJC_ISA_USAGE = YES_ERROR;
				CLANG_WARN_DOCUMENTATION_COMMENTS = YES;
				CLANG_WARN_EMPTY_BODY = YES;
				CLANG_WARN_ENUM_CONVERSION = YES;
				CLANG_WARN_INFINITE_RECURSION = YES;
				CLANG_WARN_INT_CONVERSION = YES;
				CLANG_WARN_NON_LITERAL_NULL_CONVERSION = YES;
				CLANG_WARN_OBJC_IMPLICIT_RETAIN_SELF = YES;
				CLANG_WARN_OBJC_LITERAL_CONVERSION = YES;
				CLANG_WARN_OBJC_ROOT_CLASS = YES_ERROR;
				CLANG_WARN_QUOTED_INCLUDE_IN_FRAMEWORK_HEADER = YES;
				CLANG_WARN_RANGE_LOOP_ANALYSIS = YES;
				CLANG_WARN_STRICT_PROTOTYPES = YES;
				CLANG_WARN_SUSPICIOUS_MOVE = YES;
				CLANG_WARN_UNGUARDED_AVAILABILITY = YES_AGGRESSIVE;
				CLANG_WARN_UNREACHABLE_CODE = YES;
				CLANG_WARN__DUPLICATE_METHOD_MATCH = YES;
				COPY_PHASE_STRIP = NO;
				DEBUG_INFORMATION_FORMAT = dwarf;
				ENABLE_STRICT_OBJC_MSGSEND = YES;
				ENABLE_TESTABILITY = YES;
				GCC_C_LANGUAGE_STANDARD = gnu11;
				GCC_DYNAMIC_NO_PIC = NO;
				GCC_NO_COMMON_BLOCKS = YES;
				GCC_OPTIMIZATION_LEVEL = 0;
				GCC_PREPROCESSOR_DEFINITIONS = (
					"DEBUG=1",
					"$(inherited)",
				);
				GCC_WARN_64_TO_32_BIT_CONVERSION = YES;
				GCC_WARN_ABOUT_RETURN_TYPE = YES_ERROR;
				GCC_WARN_UNDECLARED_SELECTOR = YES;
				GCC_WARN_UNINITIALIZED_AUTOS = YES_AGGRESSIVE;
				GCC_WARN_UNUSED_FUNCTION = YES;
				GCC_WARN_UNUSED_VARIABLE = YES;
				IPHONEOS_DEPLOYMENT_TARGET = 15.4;
				MTL_ENABLE_DEBUG_INFO = INCLUDE_SOURCE;
				MTL_FAST_MATH = YES;
				ONLY_ACTIVE_ARCH = YES;
				SDKROOT = iphoneos;
				SWIFT_ACTIVE_COMPILATION_CONDITIONS = DEBUG;
				SWIFT_OPTIMIZATION_LEVEL = "-Onone";
			};
			name = Debug;
		};
		007B60AF2899829B00FC94BF /* Release */ = {
			isa = XCBuildConfiguration;
			buildSettings = {
				ALWAYS_SEARCH_USER_PATHS = NO;
				CLANG_ANALYZER_NONNULL = YES;
				CLANG_ANALYZER_NUMBER_OBJECT_CONVERSION = YES_AGGRESSIVE;
				CLANG_CXX_LANGUAGE_STANDARD = "gnu++17";
				CLANG_ENABLE_MODULES = YES;
				CLANG_ENABLE_OBJC_ARC = YES;
				CLANG_ENABLE_OBJC_WEAK = YES;
				CLANG_WARN_BLOCK_CAPTURE_AUTORELEASING = YES;
				CLANG_WARN_BOOL_CONVERSION = YES;
				CLANG_WARN_COMMA = YES;
				CLANG_WARN_CONSTANT_CONVERSION = YES;
				CLANG_WARN_DEPRECATED_OBJC_IMPLEMENTATIONS = YES;
				CLANG_WARN_DIRECT_OBJC_ISA_USAGE = YES_ERROR;
				CLANG_WARN_DOCUMENTATION_COMMENTS = YES;
				CLANG_WARN_EMPTY_BODY = YES;
				CLANG_WARN_ENUM_CONVERSION = YES;
				CLANG_WARN_INFINITE_RECURSION = YES;
				CLANG_WARN_INT_CONVERSION = YES;
				CLANG_WARN_NON_LITERAL_NULL_CONVERSION = YES;
				CLANG_WARN_OBJC_IMPLICIT_RETAIN_SELF = YES;
				CLANG_WARN_OBJC_LITERAL_CONVERSION = YES;
				CLANG_WARN_OBJC_ROOT_CLASS = YES_ERROR;
				CLANG_WARN_QUOTED_INCLUDE_IN_FRAMEWORK_HEADER = YES;
				CLANG_WARN_RANGE_LOOP_ANALYSIS = YES;
				CLANG_WARN_STRICT_PROTOTYPES = YES;
				CLANG_WARN_SUSPICIOUS_MOVE = YES;
				CLANG_WARN_UNGUARDED_AVAILABILITY = YES_AGGRESSIVE;
				CLANG_WARN_UNREACHABLE_CODE = YES;
				CLANG_WARN__DUPLICATE_METHOD_MATCH = YES;
				COPY_PHASE_STRIP = NO;
				DEBUG_INFORMATION_FORMAT = "dwarf-with-dsym";
				ENABLE_NS_ASSERTIONS = NO;
				ENABLE_STRICT_OBJC_MSGSEND = YES;
				GCC_C_LANGUAGE_STANDARD = gnu11;
				GCC_NO_COMMON_BLOCKS = YES;
				GCC_WARN_64_TO_32_BIT_CONVERSION = YES;
				GCC_WARN_ABOUT_RETURN_TYPE = YES_ERROR;
				GCC_WARN_UNDECLARED_SELECTOR = YES;
				GCC_WARN_UNINITIALIZED_AUTOS = YES_AGGRESSIVE;
				GCC_WARN_UNUSED_FUNCTION = YES;
				GCC_WARN_UNUSED_VARIABLE = YES;
				IPHONEOS_DEPLOYMENT_TARGET = 15.4;
				MTL_ENABLE_DEBUG_INFO = NO;
				MTL_FAST_MATH = YES;
				SDKROOT = iphoneos;
				SWIFT_COMPILATION_MODE = wholemodule;
				SWIFT_OPTIMIZATION_LEVEL = "-O";
				VALIDATE_PRODUCT = YES;
			};
			name = Release;
		};
		007B60B12899829B00FC94BF /* Debug */ = {
			isa = XCBuildConfiguration;
			buildSettings = {
				ASSETCATALOG_COMPILER_APPICON_NAME = AppIcon;
				ASSETCATALOG_COMPILER_GLOBAL_ACCENT_COLOR_NAME = AccentColor;
				CODE_SIGN_STYLE = Automatic;
				CURRENT_PROJECT_VERSION = 1;
				DEVELOPMENT_TEAM = D4T62J4499;
				GENERATE_INFOPLIST_FILE = YES;
				INFOPLIST_FILE = TestableNetworkLayer/Info.plist;
				INFOPLIST_KEY_UIApplicationSupportsIndirectInputEvents = YES;
				INFOPLIST_KEY_UILaunchStoryboardName = LaunchScreen;
				INFOPLIST_KEY_UIMainStoryboardFile = Main;
				INFOPLIST_KEY_UISupportedInterfaceOrientations_iPad = "UIInterfaceOrientationPortrait UIInterfaceOrientationPortraitUpsideDown UIInterfaceOrientationLandscapeLeft UIInterfaceOrientationLandscapeRight";
				INFOPLIST_KEY_UISupportedInterfaceOrientations_iPhone = "UIInterfaceOrientationPortrait UIInterfaceOrientationLandscapeLeft UIInterfaceOrientationLandscapeRight";
				LD_RUNPATH_SEARCH_PATHS = (
					"$(inherited)",
					"@executable_path/Frameworks",
				);
				MARKETING_VERSION = 1.0;
				PRODUCT_BUNDLE_IDENTIFIER = com.mct.TestableNetworkLayer;
				PRODUCT_NAME = "$(TARGET_NAME)";
				SWIFT_EMIT_LOC_STRINGS = YES;
				SWIFT_VERSION = 5.0;
				TARGETED_DEVICE_FAMILY = "1,2";
			};
			name = Debug;
		};
		007B60B22899829B00FC94BF /* Release */ = {
			isa = XCBuildConfiguration;
			buildSettings = {
				ASSETCATALOG_COMPILER_APPICON_NAME = AppIcon;
				ASSETCATALOG_COMPILER_GLOBAL_ACCENT_COLOR_NAME = AccentColor;
				CODE_SIGN_STYLE = Automatic;
				CURRENT_PROJECT_VERSION = 1;
				DEVELOPMENT_TEAM = D4T62J4499;
				GENERATE_INFOPLIST_FILE = YES;
				INFOPLIST_FILE = TestableNetworkLayer/Info.plist;
				INFOPLIST_KEY_UIApplicationSupportsIndirectInputEvents = YES;
				INFOPLIST_KEY_UILaunchStoryboardName = LaunchScreen;
				INFOPLIST_KEY_UIMainStoryboardFile = Main;
				INFOPLIST_KEY_UISupportedInterfaceOrientations_iPad = "UIInterfaceOrientationPortrait UIInterfaceOrientationPortraitUpsideDown UIInterfaceOrientationLandscapeLeft UIInterfaceOrientationLandscapeRight";
				INFOPLIST_KEY_UISupportedInterfaceOrientations_iPhone = "UIInterfaceOrientationPortrait UIInterfaceOrientationLandscapeLeft UIInterfaceOrientationLandscapeRight";
				LD_RUNPATH_SEARCH_PATHS = (
					"$(inherited)",
					"@executable_path/Frameworks",
				);
				MARKETING_VERSION = 1.0;
				PRODUCT_BUNDLE_IDENTIFIER = com.mct.TestableNetworkLayer;
				PRODUCT_NAME = "$(TARGET_NAME)";
				SWIFT_EMIT_LOC_STRINGS = YES;
				SWIFT_VERSION = 5.0;
				TARGETED_DEVICE_FAMILY = "1,2";
			};
			name = Release;
		};
		007B60F728998CFC00FC94BF /* Debug */ = {
			isa = XCBuildConfiguration;
			buildSettings = {
				BUNDLE_LOADER = "$(TEST_HOST)";
				CODE_SIGN_STYLE = Automatic;
				CURRENT_PROJECT_VERSION = 1;
				DEVELOPMENT_TEAM = D4T62J4499;
				GENERATE_INFOPLIST_FILE = YES;
				MARKETING_VERSION = 1.0;
				PRODUCT_BUNDLE_IDENTIFIER = com.mct.TestableNetworkLayerTest;
				PRODUCT_NAME = "$(TARGET_NAME)";
				SWIFT_EMIT_LOC_STRINGS = NO;
				SWIFT_VERSION = 5.0;
				TARGETED_DEVICE_FAMILY = "1,2";
				TEST_HOST = "$(BUILT_PRODUCTS_DIR)/TestableNetworkLayer.app/TestableNetworkLayer";
			};
			name = Debug;
		};
		007B60F828998CFC00FC94BF /* Release */ = {
			isa = XCBuildConfiguration;
			buildSettings = {
				BUNDLE_LOADER = "$(TEST_HOST)";
				CODE_SIGN_STYLE = Automatic;
				CURRENT_PROJECT_VERSION = 1;
				DEVELOPMENT_TEAM = D4T62J4499;
				GENERATE_INFOPLIST_FILE = YES;
				MARKETING_VERSION = 1.0;
				PRODUCT_BUNDLE_IDENTIFIER = com.mct.TestableNetworkLayerTest;
				PRODUCT_NAME = "$(TARGET_NAME)";
				SWIFT_EMIT_LOC_STRINGS = NO;
				SWIFT_VERSION = 5.0;
				TARGETED_DEVICE_FAMILY = "1,2";
				TEST_HOST = "$(BUILT_PRODUCTS_DIR)/TestableNetworkLayer.app/TestableNetworkLayer";
			};
			name = Release;
		};
/* End XCBuildConfiguration section */

/* Begin XCConfigurationList section */
		007B60972899829900FC94BF /* Build configuration list for PBXProject "TestableNetworkLayer" */ = {
			isa = XCConfigurationList;
			buildConfigurations = (
				007B60AE2899829B00FC94BF /* Debug */,
				007B60AF2899829B00FC94BF /* Release */,
			);
			defaultConfigurationIsVisible = 0;
			defaultConfigurationName = Release;
		};
		007B60B02899829B00FC94BF /* Build configuration list for PBXNativeTarget "TestableNetworkLayer" */ = {
			isa = XCConfigurationList;
			buildConfigurations = (
				007B60B12899829B00FC94BF /* Debug */,
				007B60B22899829B00FC94BF /* Release */,
			);
			defaultConfigurationIsVisible = 0;
			defaultConfigurationName = Release;
		};
		007B60F628998CFC00FC94BF /* Build configuration list for PBXNativeTarget "TestableNetworkLayerTest" */ = {
			isa = XCConfigurationList;
			buildConfigurations = (
				007B60F728998CFC00FC94BF /* Debug */,
				007B60F828998CFC00FC94BF /* Release */,
			);
			defaultConfigurationIsVisible = 0;
			defaultConfigurationName = Release;
		};
/* End XCConfigurationList section */
	};
	rootObject = 007B60942899829900FC94BF /* Project object */;
}
